
Microsoft Visual Studio Solution File, Format Version 12.00
# Visual Studio Version 16
VisualStudioVersion = 16.0.30204.135
MinimumVisualStudioVersion = 10.0.40219.1
Project("{FAE04EC0-301F-11D3-BF4B-00C04F79EFBC}") = "CentennialFlowers", "CentennialFlowers\CentennialFlowers.csproj", "{5C2C421A-F8A7-4E38-8DE2-B4DFBDC3D755}"
EndProject
Global
	GlobalSection(SolutionConfigurationPlatforms) = preSolution
		Debug|Any CPU = Debug|Any CPU
		Release|Any CPU = Release|Any CPU
	EndGlobalSection
	GlobalSection(ProjectConfigurationPlatforms) = postSolution
		{5C2C421A-F8A7-4E38-8DE2-B4DFBDC3D755}.Debug|Any CPU.ActiveCfg = Debug|Any CPU
		{5C2C421A-F8A7-4E38-8DE2-B4DFBDC3D755}.Debug|Any CPU.Build.0 = Debug|Any CPU
		{5C2C421A-F8A7-4E38-8DE2-B4DFBDC3D755}.Release|Any CPU.ActiveCfg = Release|Any CPU
		{5C2C421A-F8A7-4E38-8DE2-B4DFBDC3D755}.Release|Any CPU.Build.0 = Release|Any CPU
	EndGlobalSection
	GlobalSection(SolutionProperties) = preSolution
		HideSolutionNode = FALSE
	EndGlobalSection
	GlobalSection(ExtensibilityGlobals) = postSolution
		SolutionGuid = {766B1218-BBD9-4865-9EDD-17AA7A0DCF70}
	EndGlobalSection
EndGlobal
